{
  "lockfile_version": "1",
  "packages": {
    "distrobox@latest": {
      "last_modified": "2025-02-07T11:26:36Z",
      "resolved": "github:NixOS/nixpkgs/d98abf5cf5914e5e4e9d57205e3af55ca90ffc1d#distrobox",
      "source": "devbox-search",
      "version": "1.8.1",
      "systems": {
        "aarch64-linux": {
          "outputs": [
            {
              "name": "out",
              "path": "/nix/store/b8hnsv8hns9g32jriis9fdywwnyi7cdz-distrobox-1.8.1",
              "default": true
            }
          ],
          "store_path": "/nix/store/b8hnsv8hns9g32jriis9fdywwnyi7cdz-distrobox-1.8.1"
        },
        "x86_64-linux": {
          "outputs": [
            {
              "name": "out",
              "path": "/nix/store/0lrw0ah5dwc2fykacxkrn5vvj20bzlmj-distrobox-1.8.1",
              "default": true
            }
          ],
          "store_path": "/nix/store/0lrw0ah5dwc2fykacxkrn5vvj20bzlmj-distrobox-1.8.1"
        }
      }
    },
    "github:NixOS/nixpkgs/nixpkgs-unstable": {
      "resolved": "github:NixOS/nixpkgs/632f04521e847173c54fa72973ec6c39a371211c?lastModified=1739863612&narHash=sha256-UbtgxplOhFcyjBcNbTVO8%2BHUHAl%2FWXFDOb6LvqShiZo%3D"
    },
    "go-task@latest": {
      "last_modified": "2025-02-07T11:26:36Z",
      "resolved": "github:NixOS/nixpkgs/d98abf5cf5914e5e4e9d57205e3af55ca90ffc1d#go-task",
      "source": "devbox-search",
      "version": "3.41.0",
      "systems": {
        "aarch64-darwin": {
          "outputs": [
            {
              "name": "out",
              "path": "/nix/store/m0zc229zl4nfi9800dvxikyp31davmgl-go-task-3.41.0",
              "default": true
            }
          ],
          "store_path": "/nix/store/m0zc229zl4nfi9800dvxikyp31davmgl-go-task-3.41.0"
        },
        "aarch64-linux": {
          "outputs": [
            {
              "name": "out",
              "path": "/nix/store/3yg6irq9bdr34krjp0nbrrpd8gzfr4ag-go-task-3.41.0",
              "default": true
            }
          ],
          "store_path": "/nix/store/3yg6irq9bdr34krjp0nbrrpd8gzfr4ag-go-task-3.41.0"
        },
        "x86_64-darwin": {
          "outputs": [
            {
              "name": "out",
              "path": "/nix/store/25wclmb70pbw6z5a9lhf8xnl7rsf7vap-go-task-3.41.0",
              "default": true
            }
          ],
          "store_path": "/nix/store/25wclmb70pbw6z5a9lhf8xnl7rsf7vap-go-task-3.41.0"
        },
        "x86_64-linux": {
          "outputs": [
            {
              "name": "out",
              "path": "/nix/store/jn35gb9isnqzr9mfwhmig40c6iflmadz-go-task-3.41.0",
              "default": true
            }
          ],
          "store_path": "/nix/store/jn35gb9isnqzr9mfwhmig40c6iflmadz-go-task-3.41.0"
        }
      }
    },
    "qemu@latest": {
      "last_modified": "2025-02-08T12:54:32Z",
      "resolved": "github:NixOS/nixpkgs/fa35a3c8e17a3de613240fea68f876e5b4896aec#qemu",
      "source": "devbox-search",
      "version": "9.2.0",
      "systems": {
        "aarch64-darwin": {
          "outputs": [
            {
              "name": "out",
              "path": "/nix/store/03rlvbi90mjc788mbkrvz0x1sb2f0ll0-qemu-9.2.0",
              "default": true
            },
            {
              "name": "doc",
              "path": "/nix/store/4jvwc08v7r9dnb7mz3yfnfg5v84fgnjz-qemu-9.2.0-doc"
            }
          ],
          "store_path": "/nix/store/03rlvbi90mjc788mbkrvz0x1sb2f0ll0-qemu-9.2.0"
        },
        "aarch64-linux": {
          "outputs": [
            {
              "name": "out",
              "path": "/nix/store/328v8p1nliq024xkxdqdbprbgzr5481h-qemu-9.2.0",
              "default": true
            },
            {
              "name": "doc",
              "path": "/nix/store/igp7ahbdf2szqf1sb5c5naqhc3shxbcz-qemu-9.2.0-doc"
            },
            {
              "name": "ga",
              "path": "/nix/store/bc10i15fv8w0c2ir5gkd0jm299ylkvk1-qemu-9.2.0-ga"
            }
          ],
          "store_path": "/nix/store/328v8p1nliq024xkxdqdbprbgzr5481h-qemu-9.2.0"
        },
        "x86_64-darwin": {
          "outputs": [
            {
              "name": "out",
              "path": "/nix/store/fpfp66232ps3ag0xqk0890p2y15a1p25-qemu-9.2.0",
              "default": true
            },
            {
              "name": "doc",
              "path": "/nix/store/hjidqbqf9y1d256ddfqlalsqg545ad1q-qemu-9.2.0-doc"
            }
          ],
          "store_path": "/nix/store/fpfp66232ps3ag0xqk0890p2y15a1p25-qemu-9.2.0"
        },
        "x86_64-linux": {
          "outputs": [
            {
              "name": "out",
              "path": "/nix/store/naikwpmdnmlwa813n0jbdhvdm8i25frs-qemu-9.2.0",
              "default": true
            },
            {
              "name": "debug",
              "path": "/nix/store/nqs1vvd3a807j0n1lz2ncywdb9vm417d-qemu-9.2.0-debug"
            },
            {
              "name": "doc",
              "path": "/nix/store/1794ylarn1c2cpxk0xq85s0zdi10vfb4-qemu-9.2.0-doc"
            },
            {
              "name": "ga",
              "path": "/nix/store/nxnn34g604fnk6lshbdi3j8vf9785pml-qemu-9.2.0-ga"
            }
          ],
          "store_path": "/nix/store/naikwpmdnmlwa813n0jbdhvdm8i25frs-qemu-9.2.0"
        }
      }
    },
    "vcstool@latest": {
      "last_modified": "2025-02-07T11:26:36Z",
      "resolved": "github:NixOS/nixpkgs/d98abf5cf5914e5e4e9d57205e3af55ca90ffc1d#vcstool",
      "source": "devbox-search",
      "version": "0.3.0",
      "systems": {
        "aarch64-darwin": {
          "outputs": [
            {
              "name": "out",
              "path": "/nix/store/kgi4wr7dgvivjj68h19q0w0gc08rlpwq-vcstool-0.3.0",
              "default": true
            },
            {
              "name": "dist",
              "path": "/nix/store/8vhrl2k55gjqm9a5c6c36il7xgmg25g5-vcstool-0.3.0-dist"
            }
          ],
          "store_path": "/nix/store/kgi4wr7dgvivjj68h19q0w0gc08rlpwq-vcstool-0.3.0"
        },
        "aarch64-linux": {
          "outputs": [
            {
              "name": "out",
              "path": "/nix/store/6ybyypq7q7d3g2sh7ky9kxghznycprnq-vcstool-0.3.0",
              "default": true
            },
            {
              "name": "dist",
              "path": "/nix/store/yixqyysa9zdv76wyj9np2sp1bxl8w5rr-vcstool-0.3.0-dist"
            }
          ],
          "store_path": "/nix/store/6ybyypq7q7d3g2sh7ky9kxghznycprnq-vcstool-0.3.0"
        },
        "x86_64-darwin": {
          "outputs": [
            {
              "name": "out",
              "path": "/nix/store/225i545v7a2xckqqplpsf63fk38vkfxm-vcstool-0.3.0",
              "default": true
            },
            {
              "name": "dist",
              "path": "/nix/store/75jzzbbljrf49rnkal214nb88yhzxg0w-vcstool-0.3.0-dist"
            }
          ],
          "store_path": "/nix/store/225i545v7a2xckqqplpsf63fk38vkfxm-vcstool-0.3.0"
        },
        "x86_64-linux": {
          "outputs": [
            {
              "name": "out",
              "path": "/nix/store/mqdxnxp416335h74bbcrcg17m160i9fi-vcstool-0.3.0",
              "default": true
            },
            {
              "name": "dist",
              "path": "/nix/store/jla3dvf1p5piw1z3xd80gfbkncg6dw5f-vcstool-0.3.0-dist"
            }
          ],
          "store_path": "/nix/store/mqdxnxp416335h74bbcrcg17m160i9fi-vcstool-0.3.0"
        }
      }
    }
  }
}
